
Microsoft Visual Studio Solution File, Format Version 12.00
# Visual Studio 15
VisualStudioVersion = 15.0.27130.2036
MinimumVisualStudioVersion = 10.0.40219.1
Project("{8BC9CEB8-8B4A-11D0-8D11-00A0C91BC942}") = "GraphicsEngine", "GraphicsEngine\GraphicsEngine.vcxproj", "{5BF6E955-E6C0-454C-AC7D-DB5F09325061}"
EndProject
Global
	GlobalSection(SolutionConfigurationPlatforms) = preSolution
		Debug|x64 = Debug|x64
		Debug|x86 = Debug|x86
		Release|x64 = Release|x64
		Release|x86 = Release|x86
	EndGlobalSection
	GlobalSection(ProjectConfigurationPlatforms) = postSolution
		{5BF6E955-E6C0-454C-AC7D-DB5F09325061}.Debug|x64.ActiveCfg = Debug|x64
		{5BF6E955-E6C0-454C-AC7D-DB5F09325061}.Debug|x64.Build.0 = Debug|x64
		{5BF6E955-E6C0-454C-AC7D-DB5F09325061}.Debug|x86.ActiveCfg = Debug|Win32
		{5BF6E955-E6C0-454C-AC7D-DB5F09325061}.Debug|x86.Build.0 = Debug|Win32
		{5BF6E955-E6C0-454C-AC7D-DB5F09325061}.Release|x64.ActiveCfg = Release|x64
		{5BF6E955-E6C0-454C-AC7D-DB5F09325061}.Release|x64.Build.0 = Release|x64
		{5BF6E955-E6C0-454C-AC7D-DB5F09325061}.Release|x86.ActiveCfg = Release|Win32
		{5BF6E955-E6C0-454C-AC7D-DB5F09325061}.Release|x86.Build.0 = Release|Win32
	EndGlobalSection
	GlobalSection(SolutionProperties) = preSolution
		HideSolutionNode = FALSE
	EndGlobalSection
	GlobalSection(ExtensibilityGlobals) = postSolution
		SolutionGuid = {FDD8189E-018F-40A1-8903-FE9788E2CC40}
	EndGlobalSection
EndGlobal
